
Microsoft Visual Studio Solution File, Format Version 12.00
# Visual Studio Version 17
VisualStudioVersion = 17.8.34330.188
MinimumVisualStudioVersion = 10.0.40219.1
Project("{FAE04EC0-301F-11D3-BF4B-00C04F79EFBC}") = "RapakMaliyetRapor.API", "RapakMaliyetRapor\RapakMaliyetRapor.API.csproj", "{D569B248-236C-4179-9D35-A9A0BC38D558}"
EndProject
Project("{FAE04EC0-301F-11D3-BF4B-00C04F79EFBC}") = "RapakMaliyetRapor.Core", "RapakMaliyetRapor.Core\RapakMaliyetRapor.Core.csproj", "{B93961C0-F93B-4C74-99D7-05A3514C59F8}"
EndProject
Project("{FAE04EC0-301F-11D3-BF4B-00C04F79EFBC}") = "RapakMaliyetRapor.Service", "RapakMaliyetRapor.Service\RapakMaliyetRapor.Service.csproj", "{F571E6EC-B3CC-4BBC-9C77-6A1A3EF7B52B}"
EndProject
Project("{FAE04EC0-301F-11D3-BF4B-00C04F79EFBC}") = "RapakMaliyetRapor.Repository", "RapakMaliyetRapor.Repository\RapakMaliyetRapor.Repository.csproj", "{B082CEF1-22B5-4BC3-B9D2-33DBA0A6B3A7}"
EndProject
Project("{FAE04EC0-301F-11D3-BF4B-00C04F79EFBC}") = "RapakMaliyetRapor.Caching", "RapakMaliyetRapor.Caching\RapakMaliyetRapor.Caching.csproj", "{C25C7B52-7727-4E6F-8CD9-52A05E8F3970}"
EndProject
Project("{FAE04EC0-301F-11D3-BF4B-00C04F79EFBC}") = "RapakMaliyetRapor.WEB", "RapakMaliyetRapor.WEB\RapakMaliyetRapor.WEB.csproj", "{32007673-962C-49CF-A9F6-98A05499AF18}"
EndProject
Global
	GlobalSection(SolutionConfigurationPlatforms) = preSolution
		Debug|Any CPU = Debug|Any CPU
		Release|Any CPU = Release|Any CPU
	EndGlobalSection
	GlobalSection(ProjectConfigurationPlatforms) = postSolution
		{D569B248-236C-4179-9D35-A9A0BC38D558}.Debug|Any CPU.ActiveCfg = Debug|Any CPU
		{D569B248-236C-4179-9D35-A9A0BC38D558}.Debug|Any CPU.Build.0 = Debug|Any CPU
		{D569B248-236C-4179-9D35-A9A0BC38D558}.Release|Any CPU.ActiveCfg = Release|Any CPU
		{D569B248-236C-4179-9D35-A9A0BC38D558}.Release|Any CPU.Build.0 = Release|Any CPU
		{B93961C0-F93B-4C74-99D7-05A3514C59F8}.Debug|Any CPU.ActiveCfg = Debug|Any CPU
		{B93961C0-F93B-4C74-99D7-05A3514C59F8}.Debug|Any CPU.Build.0 = Debug|Any CPU
		{B93961C0-F93B-4C74-99D7-05A3514C59F8}.Release|Any CPU.ActiveCfg = Release|Any CPU
		{B93961C0-F93B-4C74-99D7-05A3514C59F8}.Release|Any CPU.Build.0 = Release|Any CPU
		{F571E6EC-B3CC-4BBC-9C77-6A1A3EF7B52B}.Debug|Any CPU.ActiveCfg = Debug|Any CPU
		{F571E6EC-B3CC-4BBC-9C77-6A1A3EF7B52B}.Debug|Any CPU.Build.0 = Debug|Any CPU
		{F571E6EC-B3CC-4BBC-9C77-6A1A3EF7B52B}.Release|Any CPU.ActiveCfg = Release|Any CPU
		{F571E6EC-B3CC-4BBC-9C77-6A1A3EF7B52B}.Release|Any CPU.Build.0 = Release|Any CPU
		{B082CEF1-22B5-4BC3-B9D2-33DBA0A6B3A7}.Debug|Any CPU.ActiveCfg = Debug|Any CPU
		{B082CEF1-22B5-4BC3-B9D2-33DBA0A6B3A7}.Debug|Any CPU.Build.0 = Debug|Any CPU
		{B082CEF1-22B5-4BC3-B9D2-33DBA0A6B3A7}.Release|Any CPU.ActiveCfg = Release|Any CPU
		{B082CEF1-22B5-4BC3-B9D2-33DBA0A6B3A7}.Release|Any CPU.Build.0 = Release|Any CPU
		{C25C7B52-7727-4E6F-8CD9-52A05E8F3970}.Debug|Any CPU.ActiveCfg = Debug|Any CPU
		{C25C7B52-7727-4E6F-8CD9-52A05E8F3970}.Debug|Any CPU.Build.0 = Debug|Any CPU
		{C25C7B52-7727-4E6F-8CD9-52A05E8F3970}.Release|Any CPU.ActiveCfg = Release|Any CPU
		{C25C7B52-7727-4E6F-8CD9-52A05E8F3970}.Release|Any CPU.Build.0 = Release|Any CPU
		{32007673-962C-49CF-A9F6-98A05499AF18}.Debug|Any CPU.ActiveCfg = Debug|Any CPU
		{32007673-962C-49CF-A9F6-98A05499AF18}.Debug|Any CPU.Build.0 = Debug|Any CPU
		{32007673-962C-49CF-A9F6-98A05499AF18}.Release|Any CPU.ActiveCfg = Release|Any CPU
		{32007673-962C-49CF-A9F6-98A05499AF18}.Release|Any CPU.Build.0 = Release|Any CPU
	EndGlobalSection
	GlobalSection(SolutionProperties) = preSolution
		HideSolutionNode = FALSE
	EndGlobalSection
	GlobalSection(ExtensibilityGlobals) = postSolution
		SolutionGuid = {015D8937-DCBF-4FC9-880D-DEAA8091AE92}
	EndGlobalSection
EndGlobal
